Microsoft Visual Studio Solution File, Format Version 12.00
# Visual Studio Version 17
VisualStudioVersion = 17.5.2.0
MinimumVisualStudioVersion = 10.0.40219.1
Project("{FAE04EC0-301F-11D3-BF4B-00C04F79EFBC}") = "HellDivers2DemocracyHub", "HellDivers2DemocracyHub\HellDivers2DemocracyHub.csproj", "{DA5C8A46-86CA-16D6-0AC6-C09FBA531354}"
EndProject
Global
	GlobalSection(SolutionConfigurationPlatforms) = preSolution
		Debug|Any CPU = Debug|Any CPU
		Release|Any CPU = Release|Any CPU
	EndGlobalSection
	GlobalSection(ProjectConfigurationPlatforms) = postSolution
		{DA5C8A46-86CA-16D6-0AC6-C09FBA531354}.Debug|Any CPU.ActiveCfg = Debug|Any CPU
		{DA5C8A46-86CA-16D6-0AC6-C09FBA531354}.Debug|Any CPU.Build.0 = Debug|Any CPU
		{DA5C8A46-86CA-16D6-0AC6-C09FBA531354}.Release|Any CPU.ActiveCfg = Release|Any CPU
		{DA5C8A46-86CA-16D6-0AC6-C09FBA531354}.Release|Any CPU.Build.0 = Release|Any CPU
	EndGlobalSection
	GlobalSection(SolutionProperties) = preSolution
		HideSolutionNode = FALSE
	EndGlobalSection
	GlobalSection(ExtensibilityGlobals) = postSolution
		SolutionGuid = {72E49268-125B-458A-8A66-1256F6852A97}
	EndGlobalSection
EndGlobal
